
Microsoft Visual Studio Solution File, Format Version 12.00
# Visual Studio 15
VisualStudioVersion = 15.0.28307.329
MinimumVisualStudioVersion = 10.0.40219.1
Project("{8BC9CEB8-8B4A-11D0-8D11-00A0C91BC942}") = "DCTTest", "DCTTest\DCTTest.vcxproj", "{8CC77593-FC17-42F8-B3F8-297F46D1B6B0}"
EndProject
Global
	GlobalSection(SolutionConfigurationPlatforms) = preSolution
		Debug|x64 = Debug|x64
		Debug|x86 = Debug|x86
		Release|x64 = Release|x64
		Release|x86 = Release|x86
	EndGlobalSection
	GlobalSection(ProjectConfigurationPlatforms) = postSolution
		{8CC77593-FC17-42F8-B3F8-297F46D1B6B0}.Debug|x64.ActiveCfg = Debug|x64
		{8CC77593-FC17-42F8-B3F8-297F46D1B6B0}.Debug|x64.Build.0 = Debug|x64
		{8CC77593-FC17-42F8-B3F8-297F46D1B6B0}.Debug|x86.ActiveCfg = Debug|Win32
		{8CC77593-FC17-42F8-B3F8-297F46D1B6B0}.Debug|x86.Build.0 = Debug|Win32
		{8CC77593-FC17-42F8-B3F8-297F46D1B6B0}.Release|x64.ActiveCfg = Release|x64
		{8CC77593-FC17-42F8-B3F8-297F46D1B6B0}.Release|x64.Build.0 = Release|x64
		{8CC77593-FC17-42F8-B3F8-297F46D1B6B0}.Release|x86.ActiveCfg = Release|Win32
		{8CC77593-FC17-42F8-B3F8-297F46D1B6B0}.Release|x86.Build.0 = Release|Win32
	EndGlobalSection
	GlobalSection(SolutionProperties) = preSolution
		HideSolutionNode = FALSE
	EndGlobalSection
	GlobalSection(ExtensibilityGlobals) = postSolution
		SolutionGuid = {C6434E23-76B8-4A27-9C48-D864EB70D2C2}
	EndGlobalSection
EndGlobal
